
Microsoft Visual Studio Solution File, Format Version 12.00
# Visual Studio Version 16
VisualStudioVersion = 16.0.31624.102
MinimumVisualStudioVersion = 10.0.40219.1
Project("{FAE04EC0-301F-11D3-BF4B-00C04F79EFBC}") = "parqueadero", "parqueadero\parqueadero.csproj", "{2E210B34-8174-4084-A1FA-55A0BDAFA04C}"
EndProject
Global
	GlobalSection(SolutionConfigurationPlatforms) = preSolution
		Debug|Any CPU = Debug|Any CPU
		Release|Any CPU = Release|Any CPU
	EndGlobalSection
	GlobalSection(ProjectConfigurationPlatforms) = postSolution
		{2E210B34-8174-4084-A1FA-55A0BDAFA04C}.Debug|Any CPU.ActiveCfg = Debug|Any CPU
		{2E210B34-8174-4084-A1FA-55A0BDAFA04C}.Debug|Any CPU.Build.0 = Debug|Any CPU
		{2E210B34-8174-4084-A1FA-55A0BDAFA04C}.Release|Any CPU.ActiveCfg = Release|Any CPU
		{2E210B34-8174-4084-A1FA-55A0BDAFA04C}.Release|Any CPU.Build.0 = Release|Any CPU
	EndGlobalSection
	GlobalSection(SolutionProperties) = preSolution
		HideSolutionNode = FALSE
	EndGlobalSection
	GlobalSection(ExtensibilityGlobals) = postSolution
		SolutionGuid = {1CD1F14B-BDDF-4B5F-B532-8C111EA6CAC2}
	EndGlobalSection
EndGlobal
